
Microsoft Visual Studio Solution File, Format Version 12.00
# Visual Studio Version 17
VisualStudioVersion = 17.12.35728.132
MinimumVisualStudioVersion = 10.0.40219.1
Project("{FAE04EC0-301F-11D3-BF4B-00C04F79EFBC}") = "WSConvertisseur", "WSConvertisseur\WSConvertisseur.csproj", "{AC19BEF5-3D29-464F-A804-21FC48FEC64E}"
EndProject
Project("{FAE04EC0-301F-11D3-BF4B-00C04F79EFBC}") = "WSConvertisseurTests", "WSConvertisseurTests\WSConvertisseurTests.csproj", "{87BD61AF-2EAA-42C0-82C1-F164DCBB5C3D}"
EndProject
Global
	GlobalSection(SolutionConfigurationPlatforms) = preSolution
		Debug|Any CPU = Debug|Any CPU
		Release|Any CPU = Release|Any CPU
	EndGlobalSection
	GlobalSection(ProjectConfigurationPlatforms) = postSolution
		{AC19BEF5-3D29-464F-A804-21FC48FEC64E}.Debug|Any CPU.ActiveCfg = Debug|Any CPU
		{AC19BEF5-3D29-464F-A804-21FC48FEC64E}.Debug|Any CPU.Build.0 = Debug|Any CPU
		{AC19BEF5-3D29-464F-A804-21FC48FEC64E}.Release|Any CPU.ActiveCfg = Release|Any CPU
		{AC19BEF5-3D29-464F-A804-21FC48FEC64E}.Release|Any CPU.Build.0 = Release|Any CPU
		{87BD61AF-2EAA-42C0-82C1-F164DCBB5C3D}.Debug|Any CPU.ActiveCfg = Debug|Any CPU
		{87BD61AF-2EAA-42C0-82C1-F164DCBB5C3D}.Debug|Any CPU.Build.0 = Debug|Any CPU
		{87BD61AF-2EAA-42C0-82C1-F164DCBB5C3D}.Release|Any CPU.ActiveCfg = Release|Any CPU
		{87BD61AF-2EAA-42C0-82C1-F164DCBB5C3D}.Release|Any CPU.Build.0 = Release|Any CPU
	EndGlobalSection
	GlobalSection(SolutionProperties) = preSolution
		HideSolutionNode = FALSE
	EndGlobalSection
EndGlobal
